
Microsoft Visual Studio Solution File, Format Version 12.00
# Visual Studio Version 16
VisualStudioVersion = 16.0.30523.141
MinimumVisualStudioVersion = 10.0.40219.1
Project("{FAE04EC0-301F-11D3-BF4B-00C04F79EFBC}") = "QuanLyQuanCafe", "QuanLyQuanCafe\QuanLyQuanCafe.csproj", "{495E5D9B-2EB1-41FC-92BE-75DDAD395367}"
EndProject
Global
	GlobalSection(SolutionConfigurationPlatforms) = preSolution
		Debug|Any CPU = Debug|Any CPU
		Release|Any CPU = Release|Any CPU
	EndGlobalSection
	GlobalSection(ProjectConfigurationPlatforms) = postSolution
		{495E5D9B-2EB1-41FC-92BE-75DDAD395367}.Debug|Any CPU.ActiveCfg = Debug|Any CPU
		{495E5D9B-2EB1-41FC-92BE-75DDAD395367}.Debug|Any CPU.Build.0 = Debug|Any CPU
		{495E5D9B-2EB1-41FC-92BE-75DDAD395367}.Release|Any CPU.ActiveCfg = Release|Any CPU
		{495E5D9B-2EB1-41FC-92BE-75DDAD395367}.Release|Any CPU.Build.0 = Release|Any CPU
	EndGlobalSection
	GlobalSection(SolutionProperties) = preSolution
		HideSolutionNode = FALSE
	EndGlobalSection
	GlobalSection(ExtensibilityGlobals) = postSolution
		SolutionGuid = {666D13B9-F7E4-496D-837A-2E621FAD1B9A}
	EndGlobalSection
EndGlobal
